
Microsoft Visual Studio Solution File, Format Version 12.00
# Visual Studio 15
VisualStudioVersion = 15.0.26228.4
MinimumVisualStudioVersion = 10.0.40219.1
Project("{FAE04EC0-301F-11D3-BF4B-00C04F79EFBC}") = "ClientSocket", "ClientSocket\ClientSocket.csproj", "{1028595B-F480-4F97-AE15-497F449FCD3C}"
EndProject
Project("{FAE04EC0-301F-11D3-BF4B-00C04F79EFBC}") = "ServerSocket", "ServerSocket\ServerSocket.csproj", "{9CACFF46-FB39-4592-A597-E2FA45643B93}"
EndProject
Global
	GlobalSection(SolutionConfigurationPlatforms) = preSolution
		Debug|Any CPU = Debug|Any CPU
		Release|Any CPU = Release|Any CPU
	EndGlobalSection
	GlobalSection(ProjectConfigurationPlatforms) = postSolution
		{1028595B-F480-4F97-AE15-497F449FCD3C}.Debug|Any CPU.ActiveCfg = Debug|Any CPU
		{1028595B-F480-4F97-AE15-497F449FCD3C}.Debug|Any CPU.Build.0 = Debug|Any CPU
		{1028595B-F480-4F97-AE15-497F449FCD3C}.Release|Any CPU.ActiveCfg = Release|Any CPU
		{1028595B-F480-4F97-AE15-497F449FCD3C}.Release|Any CPU.Build.0 = Release|Any CPU
		{9CACFF46-FB39-4592-A597-E2FA45643B93}.Debug|Any CPU.ActiveCfg = Debug|Any CPU
		{9CACFF46-FB39-4592-A597-E2FA45643B93}.Debug|Any CPU.Build.0 = Debug|Any CPU
		{9CACFF46-FB39-4592-A597-E2FA45643B93}.Release|Any CPU.ActiveCfg = Release|Any CPU
		{9CACFF46-FB39-4592-A597-E2FA45643B93}.Release|Any CPU.Build.0 = Release|Any CPU
	EndGlobalSection
	GlobalSection(SolutionProperties) = preSolution
		HideSolutionNode = FALSE
	EndGlobalSection
EndGlobal
