
Microsoft Visual Studio Solution File, Format Version 12.00
# Visual Studio 15
VisualStudioVersion = 15.0.27428.2037
MinimumVisualStudioVersion = 10.0.40219.1
Project("{FAE04EC0-301F-11D3-BF4B-00C04F79EFBC}") = "Server", "Server\Server.csproj", "{FEA879FB-43D8-4E03-ACE9-1613FB72CCC0}"
EndProject
Project("{FAE04EC0-301F-11D3-BF4B-00C04F79EFBC}") = "Client", "Client\Client.csproj", "{2A5F2FC9-EA5D-4391-8186-20AD38BF2B65}"
EndProject
Global
	GlobalSection(SolutionConfigurationPlatforms) = preSolution
		Debug|Any CPU = Debug|Any CPU
		Release|Any CPU = Release|Any CPU
	EndGlobalSection
	GlobalSection(ProjectConfigurationPlatforms) = postSolution
		{FEA879FB-43D8-4E03-ACE9-1613FB72CCC0}.Debug|Any CPU.ActiveCfg = Debug|Any CPU
		{FEA879FB-43D8-4E03-ACE9-1613FB72CCC0}.Debug|Any CPU.Build.0 = Debug|Any CPU
		{FEA879FB-43D8-4E03-ACE9-1613FB72CCC0}.Release|Any CPU.ActiveCfg = Release|Any CPU
		{FEA879FB-43D8-4E03-ACE9-1613FB72CCC0}.Release|Any CPU.Build.0 = Release|Any CPU
		{2A5F2FC9-EA5D-4391-8186-20AD38BF2B65}.Debug|Any CPU.ActiveCfg = Debug|Any CPU
		{2A5F2FC9-EA5D-4391-8186-20AD38BF2B65}.Debug|Any CPU.Build.0 = Debug|Any CPU
		{2A5F2FC9-EA5D-4391-8186-20AD38BF2B65}.Release|Any CPU.ActiveCfg = Release|Any CPU
		{2A5F2FC9-EA5D-4391-8186-20AD38BF2B65}.Release|Any CPU.Build.0 = Release|Any CPU
	EndGlobalSection
	GlobalSection(SolutionProperties) = preSolution
		HideSolutionNode = FALSE
	EndGlobalSection
	GlobalSection(ExtensibilityGlobals) = postSolution
		SolutionGuid = {A1AF47AE-C39E-453F-8444-03528D9F51D4}
	EndGlobalSection
EndGlobal
